// !$*UTF8*$!
{
	archiveVersion = 1;
	classes = {
	};
	objectVersion = 50;
	objects = {

/* Begin PBXBuildFile section */
		7E25BA1821D107F900EB2EC7 /* AppDelegate.swift in Sources */ = {isa = PBXBuildFile; fileRef = 7E25BA1721D107F900EB2EC7 /* AppDelegate.swift */; };
		7E25BA1A21D107F900EB2EC7 /* HomeViewController.swift in Sources */ = {isa = PBXBuildFile; fileRef = 7E25BA1921D107F900EB2EC7 /* HomeViewController.swift */; };
		7E25BA1D21D107F900EB2EC7 /* Main.storyboard in Resources */ = {isa = PBXBuildFile; fileRef = 7E25BA1B21D107F900EB2EC7 /* Main.storyboard */; };
		7E25BA2221D107FB00EB2EC7 /* Assets.xcassets in Resources */ = {isa = PBXBuildFile; fileRef = 7E25BA2121D107FB00EB2EC7 /* Assets.xcassets */; };
		7E25BA2521D107FB00EB2EC7 /* LaunchScreen.storyboard in Resources */ = {isa = PBXBuildFile; fileRef = 7E25BA2321D107FB00EB2EC7 /* LaunchScreen.storyboard */; };
		7E25BA2D21D1218B00EB2EC7 /* MenuTableViewController.swift in Sources */ = {isa = PBXBuildFile; fileRef = 7E25BA2C21D1218B00EB2EC7 /* MenuTableViewController.swift */; };
		7E657B6C21D38C30007D46B9 /* MenuItem.swift in Sources */ = {isa = PBXBuildFile; fileRef = 7E657B6B21D38C30007D46B9 /* MenuItem.swift */; };
		7E657B6E21D38DA9007D46B9 /* MenuItemCell.swift in Sources */ = {isa = PBXBuildFile; fileRef = 7E657B6D21D38DA9007D46B9 /* MenuItemCell.swift */; };
		7E657B7121D3A6B6007D46B9 /* TrendingController.swift in Sources */ = {isa = PBXBuildFile; fileRef = 7E657B7021D3A6B6007D46B9 /* TrendingController.swift */; };
		7E657B7321D3AC4B007D46B9 /* VideosTableViewController.swift in Sources */ = {isa = PBXBuildFile; fileRef = 7E657B7221D3AC4B007D46B9 /* VideosTableViewController.swift */; };
		7E67DD9E21D4B680003A4F09 /* ChatRoomMenu.swift in Sources */ = {isa = PBXBuildFile; fileRef = 7E67DD9D21D4B680003A4F09 /* ChatRoomMenu.swift */; };
		7E67DDA021D4CE3E003A4F09 /* ChatRoomMenuCell.swift in Sources */ = {isa = PBXBuildFile; fileRef = 7E67DD9F21D4CE3E003A4F09 /* ChatRoomMenuCell.swift */; };
		7E67DDA221D4D1B4003A4F09 /* CustomHeaderLabel.swift in Sources */ = {isa = PBXBuildFile; fileRef = 7E67DDA121D4D1B4003A4F09 /* CustomHeaderLabel.swift */; };
		7E67DDA421D4E23F003A4F09 /* ChatRoomMenuContainerController.swift in Sources */ = {isa = PBXBuildFile; fileRef = 7E67DDA321D4E23F003A4F09 /* ChatRoomMenuContainerController.swift */; };
		7EFA460721D25DF600017BAE /* ContainerVC.swift in Sources */ = {isa = PBXBuildFile; fileRef = 7EFA460621D25DF600017BAE /* ContainerVC.swift */; };
		7EFA460C21D2811000017BAE /* CustomHeaderView.swift in Sources */ = {isa = PBXBuildFile; fileRef = 7EFA460B21D2811000017BAE /* CustomHeaderView.swift */; };
/* End PBXBuildFile section */

/* Begin PBXFileReference section */
		7E25BA1421D107F900EB2EC7 /* TwitterSlideOutMenu.app */ = {isa = PBXFileReference; explicitFileType = wrapper.application; includeInIndex = 0; path = TwitterSlideOutMenu.app; sourceTree = BUILT_PRODUCTS_DIR; };
		7E25BA1721D107F900EB2EC7 /* AppDelegate.swift */ = {isa = PBXFileReference; lastKnownFileType = sourcecode.swift; path = AppDelegate.swift; sourceTree = "<group>"; };
		7E25BA1921D107F900EB2EC7 /* HomeViewController.swift */ = {isa = PBXFileReference; lastKnownFileType = sourcecode.swift; path = HomeViewController.swift; sourceTree = "<group>"; };
		7E25BA1C21D107F900EB2EC7 /* Base */ = {isa = PBXFileReference; lastKnownFileType = file.storyboard; name = Base; path = Base.lproj/Main.storyboard; sourceTree = "<group>"; };
		7E25BA2121D107FB00EB2EC7 /* Assets.xcassets */ = {isa = PBXFileReference; lastKnownFileType = folder.assetcatalog; path = Assets.xcassets; sourceTree = "<group>"; };
		7E25BA2421D107FB00EB2EC7 /* Base */ = {isa = PBXFileReference; lastKnownFileType = file.storyboard; name = Base; path = Base.lproj/LaunchScreen.storyboard; sourceTree = "<group>"; };
		7E25BA2621D107FB00EB2EC7 /* Info.plist */ = {isa = PBXFileReference; lastKnownFileType = text.plist.xml; path = Info.plist; sourceTree = "<group>"; };
		7E25BA2C21D1218B00EB2EC7 /* MenuTableViewController.swift */ = {isa = PBXFileReference; lastKnownFileType = sourcecode.swift; path = MenuTableViewController.swift; sourceTree = "<group>"; };
		7E657B6B21D38C30007D46B9 /* MenuItem.swift */ = {isa = PBXFileReference; lastKnownFileType = sourcecode.swift; path = MenuItem.swift; sourceTree = "<group>"; };
		7E657B6D21D38DA9007D46B9 /* MenuItemCell.swift */ = {isa = PBXFileReference; lastKnownFileType = sourcecode.swift; path = MenuItemCell.swift; sourceTree = "<group>"; };
		7E657B7021D3A6B6007D46B9 /* TrendingController.swift */ = {isa = PBXFileReference; lastKnownFileType = sourcecode.swift; path = TrendingController.swift; sourceTree = "<group>"; };
		7E657B7221D3AC4B007D46B9 /* VideosTableViewController.swift */ = {isa = PBXFileReference; lastKnownFileType = sourcecode.swift; path = VideosTableViewController.swift; sourceTree = "<group>"; };
		7E67DD9D21D4B680003A4F09 /* ChatRoomMenu.swift */ = {isa = PBXFileReference; lastKnownFileType = sourcecode.swift; path = ChatRoomMenu.swift; sourceTree = "<group>"; };
		7E67DD9F21D4CE3E003A4F09 /* ChatRoomMenuCell.swift */ = {isa = PBXFileReference; lastKnownFileType = sourcecode.swift; path = ChatRoomMenuCell.swift; sourceTree = "<group>"; };
		7E67DDA121D4D1B4003A4F09 /* CustomHeaderLabel.swift */ = {isa = PBXFileReference; lastKnownFileType = sourcecode.swift; path = CustomHeaderLabel.swift; sourceTree = "<group>"; };
		7E67DDA321D4E23F003A4F09 /* ChatRoomMenuContainerController.swift */ = {isa = PBXFileReference; lastKnownFileType = sourcecode.swift; path = ChatRoomMenuContainerController.swift; sourceTree = "<group>"; };
		7EFA460621D25DF600017BAE /* ContainerVC.swift */ = {isa = PBXFileReference; lastKnownFileType = sourcecode.swift; path = ContainerVC.swift; sourceTree = "<group>"; };
		7EFA460B21D2811000017BAE /* CustomHeaderView.swift */ = {isa = PBXFileReference; lastKnownFileType = sourcecode.swift; path = CustomHeaderView.swift; sourceTree = "<group>"; };
/* End PBXFileReference section */

/* Begin PBXFrameworksBuildPhase section */
		7E25BA1121D107F900EB2EC7 /* Frameworks */ = {
			isa = PBXFrameworksBuildPhase;
			buildActionMask = 2147483647;
			files = (
			);
			runOnlyForDeploymentPostprocessing = 0;
		};
/* End PBXFrameworksBuildPhase section */

/* Begin PBXGroup section */
		7E25BA0B21D107F900EB2EC7 = {
			isa = PBXGroup;
			children = (
				7E25BA1621D107F900EB2EC7 /* TwitterSlideOutMenu */,
				7E25BA1521D107F900EB2EC7 /* Products */,
			);
			sourceTree = "<group>";
		};
		7E25BA1521D107F900EB2EC7 /* Products */ = {
			isa = PBXGroup;
			children = (
				7E25BA1421D107F900EB2EC7 /* TwitterSlideOutMenu.app */,
			);
			name = Products;
			sourceTree = "<group>";
		};
		7E25BA1621D107F900EB2EC7 /* TwitterSlideOutMenu */ = {
			isa = PBXGroup;
			children = (
				7E657B6F21D3A6A2007D46B9 /* Controllers */,
				7E657B6A21D38C25007D46B9 /* Model */,
				7EFA460A21D2810100017BAE /* Views */,
				7EFA460521D25DE400017BAE /* BaseGroup */,
				7E25BA1721D107F900EB2EC7 /* AppDelegate.swift */,
				7E25BA1921D107F900EB2EC7 /* HomeViewController.swift */,
				7E25BA1B21D107F900EB2EC7 /* Main.storyboard */,
				7E25BA2121D107FB00EB2EC7 /* Assets.xcassets */,
				7E25BA2321D107FB00EB2EC7 /* LaunchScreen.storyboard */,
				7E25BA2621D107FB00EB2EC7 /* Info.plist */,
				7E25BA2C21D1218B00EB2EC7 /* MenuTableViewController.swift */,
			);
			path = TwitterSlideOutMenu;
			sourceTree = "<group>";
		};
		7E657B6A21D38C25007D46B9 /* Model */ = {
			isa = PBXGroup;
			children = (
				7E657B6B21D38C30007D46B9 /* MenuItem.swift */,
			);
			path = Model;
			sourceTree = "<group>";
		};
		7E657B6F21D3A6A2007D46B9 /* Controllers */ = {
			isa = PBXGroup;
			children = (
				7E657B7021D3A6B6007D46B9 /* TrendingController.swift */,
				7E657B7221D3AC4B007D46B9 /* VideosTableViewController.swift */,
				7E67DD9D21D4B680003A4F09 /* ChatRoomMenu.swift */,
			);
			path = Controllers;
			sourceTree = "<group>";
		};
		7EFA460521D25DE400017BAE /* BaseGroup */ = {
			isa = PBXGroup;
			children = (
				7EFA460621D25DF600017BAE /* ContainerVC.swift */,
			);
			path = BaseGroup;
			sourceTree = "<group>";
		};
		7EFA460A21D2810100017BAE /* Views */ = {
			isa = PBXGroup;
			children = (
				7EFA460B21D2811000017BAE /* CustomHeaderView.swift */,
				7E657B6D21D38DA9007D46B9 /* MenuItemCell.swift */,
				7E67DD9F21D4CE3E003A4F09 /* ChatRoomMenuCell.swift */,
				7E67DDA121D4D1B4003A4F09 /* CustomHeaderLabel.swift */,
				7E67DDA321D4E23F003A4F09 /* ChatRoomMenuContainerController.swift */,
			);
			path = Views;
			sourceTree = "<group>";
		};
/* End PBXGroup section */

/* Begin PBXNativeTarget section */
		7E25BA1321D107F900EB2EC7 /* TwitterSlideOutMenu */ = {
			isa = PBXNativeTarget;
			buildConfigurationList = 7E25BA2921D107FB00EB2EC7 /* Build configuration list for PBXNativeTarget "TwitterSlideOutMenu" */;
			buildPhases = (
				7E25BA1021D107F900EB2EC7 /* Sources */,
				7E25BA1121D107F900EB2EC7 /* Frameworks */,
				7E25BA1221D107F900EB2EC7 /* Resources */,
			);
			buildRules = (
			);
			dependencies = (
			);
			name = TwitterSlideOutMenu;
			productName = TwitterSlideOutMenu;
			productReference = 7E25BA1421D107F900EB2EC7 /* TwitterSlideOutMenu.app */;
			productType = "com.apple.product-type.application";
		};
/* End PBXNativeTarget section */

/* Begin PBXProject section */
		7E25BA0C21D107F900EB2EC7 /* Project object */ = {
			isa = PBXProject;
			attributes = {
				LastSwiftUpdateCheck = 1000;
				LastUpgradeCheck = 1000;
				ORGANIZATIONNAME = "Sherif  Wagih";
				TargetAttributes = {
					7E25BA1321D107F900EB2EC7 = {
						CreatedOnToolsVersion = 10.0;
					};
				};
			};
			buildConfigurationList = 7E25BA0F21D107F900EB2EC7 /* Build configuration list for PBXProject "TwitterSlideOutMenu" */;
			compatibilityVersion = "Xcode 9.3";
			developmentRegion = en;
			hasScannedForEncodings = 0;
			knownRegions = (
				en,
				Base,
			);
			mainGroup = 7E25BA0B21D107F900EB2EC7;
			productRefGroup = 7E25BA1521D107F900EB2EC7 /* Products */;
			projectDirPath = "";
			projectRoot = "";
			targets = (
				7E25BA1321D107F900EB2EC7 /* TwitterSlideOutMenu */,
			);
		};
/* End PBXProject section */

/* Begin PBXResourcesBuildPhase section */
		7E25BA1221D107F900EB2EC7 /* Resources */ = {
			isa = PBXResourcesBuildPhase;
			buildActionMask = 2147483647;
			files = (
				7E25BA2521D107FB00EB2EC7 /* LaunchScreen.storyboard in Resources */,
				7E25BA2221D107FB00EB2EC7 /* Assets.xcassets in Resources */,
				7E25BA1D21D107F900EB2EC7 /* Main.storyboard in Resources */,
			);
			runOnlyForDeploymentPostprocessing = 0;
		};
/* End PBXResourcesBuildPhase section */

/* Begin PBXSourcesBuildPhase section */
		7E25BA1021D107F900EB2EC7 /* Sources */ = {
			isa = PBXSourcesBuildPhase;
			buildActionMask = 2147483647;
			files = (
				7E657B7121D3A6B6007D46B9 /* TrendingController.swift in Sources */,
				7E67DDA421D4E23F003A4F09 /* ChatRoomMenuContainerController.swift in Sources */,
				7EFA460C21D2811000017BAE /* CustomHeaderView.swift in Sources */,
				7E25BA2D21D1218B00EB2EC7 /* MenuTableViewController.swift in Sources */,
				7E67DD9E21D4B680003A4F09 /* ChatRoomMenu.swift in Sources */,
				7E67DDA021D4CE3E003A4F09 /* ChatRoomMenuCell.swift in Sources */,
				7E657B7321D3AC4B007D46B9 /* VideosTableViewController.swift in Sources */,
				7E25BA1A21D107F900EB2EC7 /* HomeViewController.swift in Sources */,
				7E657B6C21D38C30007D46B9 /* MenuItem.swift in Sources */,
				7E657B6E21D38DA9007D46B9 /* MenuItemCell.swift in Sources */,
				7E25BA1821D107F900EB2EC7 /* AppDelegate.swift in Sources */,
				7E67DDA221D4D1B4003A4F09 /* CustomHeaderLabel.swift in Sources */,
				7EFA460721D25DF600017BAE /* ContainerVC.swift in Sources */,
			);
			runOnlyForDeploymentPostprocessing = 0;
		};
/* End PBXSourcesBuildPhase section */

/* Begin PBXVariantGroup section */
		7E25BA1B21D107F900EB2EC7 /* Main.storyboard */ = {
			isa = PBXVariantGroup;
			children = (
				7E25BA1C21D107F900EB2EC7 /* Base */,
			);
			name = Main.storyboard;
			sourceTree = "<group>";
		};
		7E25BA2321D107FB00EB2EC7 /* LaunchScreen.storyboard */ = {
			isa = PBXVariantGroup;
			children = (
				7E25BA2421D107FB00EB2EC7 /* Base */,
			);
			name = LaunchScreen.storyboard;
			sourceTree = "<group>";
		};
/* End PBXVariantGroup section */

/* Begin XCBuildConfiguration section */
		7E25BA2721D107FB00EB2EC7 /* Debug */ = {
			isa = XCBuildConfiguration;
			buildSettings = {
				ALWAYS_SEARCH_USER_PATHS = NO;
				CLANG_ANALYZER_NONNULL = YES;
				CLANG_ANALYZER_NUMBER_OBJECT_CONVERSION = YES_AGGRESSIVE;
				CLANG_CXX_LANGUAGE_STANDARD = "gnu++14";
				CLANG_CXX_LIBRARY = "libc++";
				CLANG_ENABLE_MODULES = YES;
				CLANG_ENABLE_OBJC_ARC = YES;
				CLANG_ENABLE_OBJC_WEAK = YES;
				CLANG_WARN_BLOCK_CAPTURE_AUTORELEASING = YES;
				CLANG_WARN_BOOL_CONVERSION = YES;
				CLANG_WARN_COMMA = YES;
				CLANG_WARN_CONSTANT_CONVERSION = YES;
				CLANG_WARN_DEPRECATED_OBJC_IMPLEMENTATIONS = YES;
				CLANG_WARN_DIRECT_OBJC_ISA_USAGE = YES_ERROR;
				CLANG_WARN_DOCUMENTATION_COMMENTS = YES;
				CLANG_WARN_EMPTY_BODY = YES;
				CLANG_WARN_ENUM_CONVERSION = YES;
				CLANG_WARN_INFINITE_RECURSION = YES;
				CLANG_WARN_INT_CONVERSION = YES;
				CLANG_WARN_NON_LITERAL_NULL_CONVERSION = YES;
				CLANG_WARN_OBJC_IMPLICIT_RETAIN_SELF = YES;
				CLANG_WARN_OBJC_LITERAL_CONVERSION = YES;
				CLANG_WARN_OBJC_ROOT_CLASS = YES_ERROR;
				CLANG_WARN_RANGE_LOOP_ANALYSIS = YES;
				CLANG_WARN_STRICT_PROTOTYPES = YES;
				CLANG_WARN_SUSPICIOUS_MOVE = YES;
				CLANG_WARN_UNGUARDED_AVAILABILITY = YES_AGGRESSIVE;
				CLANG_WARN_UNREACHABLE_CODE = YES;
				CLANG_WARN__DUPLICATE_METHOD_MATCH = YES;
				CODE_SIGN_IDENTITY = "iPhone Developer";
				COPY_PHASE_STRIP = NO;
				DEBUG_INFORMATION_FORMAT = dwarf;
				ENABLE_STRICT_OBJC_MSGSEND = YES;
				ENABLE_TESTABILITY = YES;
				GCC_C_LANGUAGE_STANDARD = gnu11;
				GCC_DYNAMIC_NO_PIC = NO;
				GCC_NO_COMMON_BLOCKS = YES;
				GCC_OPTIMIZATION_LEVEL = 0;
				GCC_PREPROCESSOR_DEFINITIONS = (
					"DEBUG=1",
					"$(inherited)",
				);
				GCC_WARN_64_TO_32_BIT_CONVERSION = YES;
				GCC_WARN_ABOUT_RETURN_TYPE = YES_ERROR;
				GCC_WARN_UNDECLARED_SELECTOR = YES;
				GCC_WARN_UNINITIALIZED_AUTOS = YES_AGGRESSIVE;
				GCC_WARN_UNUSED_FUNCTION = YES;
				GCC_WARN_UNUSED_VARIABLE = YES;
				IPHONEOS_DEPLOYMENT_TARGET = 12.0;
				MTL_ENABLE_DEBUG_INFO = INCLUDE_SOURCE;
				MTL_FAST_MATH = YES;
				ONLY_ACTIVE_ARCH = YES;
				SDKROOT = iphoneos;
				SWIFT_ACTIVE_COMPILATION_CONDITIONS = DEBUG;
				SWIFT_OPTIMIZATION_LEVEL = "-Onone";
			};
			name = Debug;
		};
		7E25BA2821D107FB00EB2EC7 /* Release */ = {
			isa = XCBuildConfiguration;
			buildSettings = {
				ALWAYS_SEARCH_USER_PATHS = NO;
				CLANG_ANALYZER_NONNULL = YES;
				CLANG_ANALYZER_NUMBER_OBJECT_CONVERSION = YES_AGGRESSIVE;
				CLANG_CXX_LANGUAGE_STANDARD = "gnu++14";
				CLANG_CXX_LIBRARY = "libc++";
				CLANG_ENABLE_MODULES = YES;
				CLANG_ENABLE_OBJC_ARC = YES;
				CLANG_ENABLE_OBJC_WEAK = YES;
				CLANG_WARN_BLOCK_CAPTURE_AUTORELEASING = YES;
				CLANG_WARN_BOOL_CONVERSION = YES;
				CLANG_WARN_COMMA = YES;
				CLANG_WARN_CONSTANT_CONVERSION = YES;
				CLANG_WARN_DEPRECATED_OBJC_IMPLEMENTATIONS = YES;
				CLANG_WARN_DIRECT_OBJC_ISA_USAGE = YES_ERROR;
				CLANG_WARN_DOCUMENTATION_COMMENTS = YES;
				CLANG_WARN_EMPTY_BODY = YES;
				CLANG_WARN_ENUM_CONVERSION = YES;
				CLANG_WARN_INFINITE_RECURSION = YES;
				CLANG_WARN_INT_CONVERSION = YES;
				CLANG_WARN_NON_LITERAL_NULL_CONVERSION = YES;
				CLANG_WARN_OBJC_IMPLICIT_RETAIN_SELF = YES;
				CLANG_WARN_OBJC_LITERAL_CONVERSION = YES;
				CLANG_WARN_OBJC_ROOT_CLASS = YES_ERROR;
				CLANG_WARN_RANGE_LOOP_ANALYSIS = YES;
				CLANG_WARN_STRICT_PROTOTYPES = YES;
				CLANG_WARN_SUSPICIOUS_MOVE = YES;
				CLANG_WARN_UNGUARDED_AVAILABILITY = YES_AGGRESSIVE;
				CLANG_WARN_UNREACHABLE_CODE = YES;
				CLANG_WARN__DUPLICATE_METHOD_MATCH = YES;
				CODE_SIGN_IDENTITY = "iPhone Developer";
				COPY_PHASE_STRIP = NO;
				DEBUG_INFORMATION_FORMAT = "dwarf-with-dsym";
				ENABLE_NS_ASSERTIONS = NO;
				ENABLE_STRICT_OBJC_MSGSEND = YES;
				GCC_C_LANGUAGE_STANDARD = gnu11;
				GCC_NO_COMMON_BLOCKS = YES;
				GCC_WARN_64_TO_32_BIT_CONVERSION = YES;
				GCC_WARN_ABOUT_RETURN_TYPE = YES_ERROR;
				GCC_WARN_UNDECLARED_SELECTOR = YES;
				GCC_WARN_UNINITIALIZED_AUTOS = YES_AGGRESSIVE;
				GCC_WARN_UNUSED_FUNCTION = YES;
				GCC_WARN_UNUSED_VARIABLE = YES;
				IPHONEOS_DEPLOYMENT_TARGET = 12.0;
				MTL_ENABLE_DEBUG_INFO = NO;
				MTL_FAST_MATH = YES;
				SDKROOT = iphoneos;
				SWIFT_COMPILATION_MODE = wholemodule;
				SWIFT_OPTIMIZATION_LEVEL = "-O";
				VALIDATE_PRODUCT = YES;
			};
			name = Release;
		};
		7E25BA2A21D107FB00EB2EC7 /* Debug */ = {
			isa = XCBuildConfiguration;
			buildSettings = {
				ASSETCATALOG_COMPILER_APPICON_NAME = AppIcon;
				CODE_SIGN_STYLE = Automatic;
				DEVELOPMENT_TEAM = GUS473JQDG;
				INFOPLIST_FILE = TwitterSlideOutMenu/Info.plist;
				LD_RUNPATH_SEARCH_PATHS = (
					"$(inherited)",
					"@executable_path/Frameworks",
				);
				PRODUCT_BUNDLE_IDENTIFIER = com.sherifzekry.TwitterSlideOutMenu;
				PRODUCT_NAME = "$(TARGET_NAME)";
				SWIFT_VERSION = 4.2;
				TARGETED_DEVICE_FAMILY = "1,2";
			};
			name = Debug;
		};
		7E25BA2B21D107FB00EB2EC7 /* Release */ = {
			isa = XCBuildConfiguration;
			buildSettings = {
				ASSETCATALOG_COMPILER_APPICON_NAME = AppIcon;
				CODE_SIGN_STYLE = Automatic;
				DEVELOPMENT_TEAM = GUS473JQDG;
				INFOPLIST_FILE = TwitterSlideOutMenu/Info.plist;
				LD_RUNPATH_SEARCH_PATHS = (
					"$(inherited)",
					"@executable_path/Frameworks",
				);
				PRODUCT_BUNDLE_IDENTIFIER = com.sherifzekry.TwitterSlideOutMenu;
				PRODUCT_NAME = "$(TARGET_NAME)";
				SWIFT_VERSION = 4.2;
				TARGETED_DEVICE_FAMILY = "1,2";
			};
			name = Release;
		};
/* End XCBuildConfiguration section */

/* Begin XCConfigurationList section */
		7E25BA0F21D107F900EB2EC7 /* Build configuration list for PBXProject "TwitterSlideOutMenu" */ = {
			isa = XCConfigurationList;
			buildConfigurations = (
				7E25BA2721D107FB00EB2EC7 /* Debug */,
				7E25BA2821D107FB00EB2EC7 /* Release */,
			);
			defaultConfigurationIsVisible = 0;
			defaultConfigurationName = Release;
		};
		7E25BA2921D107FB00EB2EC7 /* Build configuration list for PBXNativeTarget "TwitterSlideOutMenu" */ = {
			isa = XCConfigurationList;
			buildConfigurations = (
				7E25BA2A21D107FB00EB2EC7 /* Debug */,
				7E25BA2B21D107FB00EB2EC7 /* Release */,
			);
			defaultConfigurationIsVisible = 0;
			defaultConfigurationName = Release;
		};
/* End XCConfigurationList section */
	};
	rootObject = 7E25BA0C21D107F900EB2EC7 /* Project object */;
}
